# THIS IS AN AUTOGENERATED FILE. DO NOT EDIT THIS FILE DIRECTLY.
# yarn lockfile v1


"@floating-ui/core@^1.2.6":
  version "1.2.6"
  resolved "https://registry.yarnpkg.com/@floating-ui/core/-/core-1.2.6.tgz#d21ace437cc919cdd8f1640302fa8851e65e75c0"
  integrity sha512-EvYTiXet5XqweYGClEmpu3BoxmsQ4hkj3QaYA6qEnigCWffTP3vNRwBReTdrwDwo7OoJ3wM8Uoe9Uk4n+d4hfg==

"@floating-ui/dom@^1.0.3":
  version "1.2.8"
  resolved "https://registry.yarnpkg.com/@floating-ui/dom/-/dom-1.2.8.tgz#aee0f6ccc0787ab8fe741487a6e5e95b7b125375"
  integrity sha512-XLwhYV90MxiHDq6S0rzFZj00fnDM+A1R9jhSioZoMsa7G0Q0i+Q4x40ajR8FHSdYDE1bgjG45mIWe6jtv9UPmg==
  dependencies:
    "@floating-ui/core" "^1.2.6"

"@microsoft/fast-element@2.0.0-beta.23":
  version "2.0.0-beta.23"
  resolved "https://registry.yarnpkg.com/@microsoft/fast-element/-/fast-element-2.0.0-beta.23.tgz#08cc4b40f9d2b418a27727d2604635c46c2b123c"
  integrity sha512-ZNrWz+qY6kYSiiy6TdMV9p94QbxNILWuFgDndf24/is+aB+IemYwqLVPUKzTb8tX/zUMQz8aOtJ06/qvYbIdAQ==

"@microsoft/fast-foundation@^3.0.0-alpha.27":
  version "3.0.0-alpha.27"
  resolved "https://registry.yarnpkg.com/@microsoft/fast-foundation/-/fast-foundation-3.0.0-alpha.27.tgz#cb91af92fb231710f7c346b11db7afe241ff8bb4"
  integrity sha512-tYDrHWMDNpi3+3RaRZ79T+6VQubYSxxutxELD88WXPEYiafjgext4AH9MvR+2pUpdfrNPcJLyuEQKVvcx6oWuQ==
  dependencies:
    "@floating-ui/dom" "^1.0.3"
    "@microsoft/fast-element" "2.0.0-beta.23"
    "@microsoft/fast-web-utilities" "^6.0.0"
    tabbable "^5.2.0"
    tslib "^2.4.0"

"@microsoft/fast-web-utilities@^6.0.0":
  version "6.0.0"
  resolved "https://registry.yarnpkg.com/@microsoft/fast-web-utilities/-/fast-web-utilities-6.0.0.tgz#7678c2b2cd12aeef785f4e2288da93a4db9e38a6"
  integrity sha512-ckCA4Xn91ja1Qz+jhGGL1Q3ZeuRpA5VvYcRA7GzA1NP545sl14bwz3tbHCq8jIk+PL7mkSaIveGMYuJB2L4Izg==
  dependencies:
    exenv-es6 "^1.1.1"

exenv-es6@^1.1.1:
  version "1.1.1"
  resolved "https://registry.yarnpkg.com/exenv-es6/-/exenv-es6-1.1.1.tgz#80b7a8c5af24d53331f755bac07e84abb1f6de67"
  integrity sha512-vlVu3N8d6yEMpMsEm+7sUBAI81aqYYuEvfK0jNqmdb/OPXzzH7QWDDnVjMvDSY47JdHEqx/dfC/q8WkfoTmpGQ==

tabbable@^5.2.0:
  version "5.3.3"
  resolved "https://registry.yarnpkg.com/tabbable/-/tabbable-5.3.3.tgz#aac0ff88c73b22d6c3c5a50b1586310006b47fbf"
  integrity sha512-QD9qKY3StfbZqWOPLp0++pOrAVb/HbUi5xCc8cUo4XjP19808oaMiDzn0leBY5mCespIBM0CIZePzZjgzR83kA==

tslib@^2.4.0:
  version "2.5.2"
  resolved "https://registry.yarnpkg.com/tslib/-/tslib-2.5.2.tgz#1b6f07185c881557b0ffa84b111a0106989e8338"
  integrity sha512-5svOrSA2w3iGFDs1HibEVBGbDrAY82bFQ3HZ3ixB+88nsbsWQoKqDRb5UBYAUPEzbBn6dAp5gRNXglySbx1MlA==
